
Microsoft Visual Studio Solution File, Format Version 12.00
# Visual Studio Version 17
VisualStudioVersion = 17.11.35312.102
MinimumVisualStudioVersion = 10.0.40219.1
Project("{FAE04EC0-301F-11D3-BF4B-00C04F79EFBC}") = "01_MainSubjects", "01_MainSubjects\01_MainSubjects.csproj", "{C29F5614-90FB-4DFF-A9A5-C9434A5CDD82}"
EndProject
Project("{FAE04EC0-301F-11D3-BF4B-00C04F79EFBC}") = "02_Variables", "02_Variables\02_Variables.csproj", "{DB243E6D-92F7-4B7C-99A3-5147AAE087B2}"
EndProject
Project("{FAE04EC0-301F-11D3-BF4B-00C04F79EFBC}") = "03_MakingDecision", "03_MakingDecision\03_MakingDecision.csproj", "{1C06DF2F-25FB-4A49-8780-BAEE0F3B90CD}"
EndProject
Global
	GlobalSection(SolutionConfigurationPlatforms) = preSolution
		Debug|Any CPU = Debug|Any CPU
		Release|Any CPU = Release|Any CPU
	EndGlobalSection
	GlobalSection(ProjectConfigurationPlatforms) = postSolution
		{C29F5614-90FB-4DFF-A9A5-C9434A5CDD82}.Debug|Any CPU.ActiveCfg = Debug|Any CPU
		{C29F5614-90FB-4DFF-A9A5-C9434A5CDD82}.Debug|Any CPU.Build.0 = Debug|Any CPU
		{C29F5614-90FB-4DFF-A9A5-C9434A5CDD82}.Release|Any CPU.ActiveCfg = Release|Any CPU
		{C29F5614-90FB-4DFF-A9A5-C9434A5CDD82}.Release|Any CPU.Build.0 = Release|Any CPU
		{DB243E6D-92F7-4B7C-99A3-5147AAE087B2}.Debug|Any CPU.ActiveCfg = Debug|Any CPU
		{DB243E6D-92F7-4B7C-99A3-5147AAE087B2}.Debug|Any CPU.Build.0 = Debug|Any CPU
		{DB243E6D-92F7-4B7C-99A3-5147AAE087B2}.Release|Any CPU.ActiveCfg = Release|Any CPU
		{DB243E6D-92F7-4B7C-99A3-5147AAE087B2}.Release|Any CPU.Build.0 = Release|Any CPU
		{1C06DF2F-25FB-4A49-8780-BAEE0F3B90CD}.Debug|Any CPU.ActiveCfg = Debug|Any CPU
		{1C06DF2F-25FB-4A49-8780-BAEE0F3B90CD}.Debug|Any CPU.Build.0 = Debug|Any CPU
		{1C06DF2F-25FB-4A49-8780-BAEE0F3B90CD}.Release|Any CPU.ActiveCfg = Release|Any CPU
		{1C06DF2F-25FB-4A49-8780-BAEE0F3B90CD}.Release|Any CPU.Build.0 = Release|Any CPU
	EndGlobalSection
	GlobalSection(SolutionProperties) = preSolution
		HideSolutionNode = FALSE
	EndGlobalSection
	GlobalSection(ExtensibilityGlobals) = postSolution
		SolutionGuid = {7565E58F-8692-4681-8408-9CCCB60CFD64}
	EndGlobalSection
EndGlobal
